
Microsoft Visual Studio Solution File, Format Version 12.00
# Visual Studio Version 16
VisualStudioVersion = 16.0.30114.105
MinimumVisualStudioVersion = 10.0.40219.1
Project("{FAE04EC0-301F-11D3-BF4B-00C04F79EFBC}") = "DDDWebAPI.Domain", "DDDWebAPI.Domain\DDDWebAPI.Domain.csproj", "{FC45045D-34D2-4B32-A3B6-325378F810CA}"
EndProject
Project("{FAE04EC0-301F-11D3-BF4B-00C04F79EFBC}") = "DDDWebAPIDomain", "DDDWebAPIDomain\DDDWebAPIDomain.csproj", "{9D5C5C7F-2AD0-4042-BDCB-B584E928FE3D}"
EndProject
Project("{FAE04EC0-301F-11D3-BF4B-00C04F79EFBC}") = "DDDWebAPIDomainServices", "DDDWebAPIDomainServices\DDDWebAPIDomainServices.csproj", "{840B1F4D-B923-49A1-8031-E4796EE27BE0}"
EndProject
Global
	GlobalSection(SolutionConfigurationPlatforms) = preSolution
		Debug|Any CPU = Debug|Any CPU
		Debug|x64 = Debug|x64
		Debug|x86 = Debug|x86
		Release|Any CPU = Release|Any CPU
		Release|x64 = Release|x64
		Release|x86 = Release|x86
	EndGlobalSection
	GlobalSection(SolutionProperties) = preSolution
		HideSolutionNode = FALSE
	EndGlobalSection
	GlobalSection(ProjectConfigurationPlatforms) = postSolution
		{FC45045D-34D2-4B32-A3B6-325378F810CA}.Debug|Any CPU.ActiveCfg = Debug|Any CPU
		{FC45045D-34D2-4B32-A3B6-325378F810CA}.Debug|Any CPU.Build.0 = Debug|Any CPU
		{FC45045D-34D2-4B32-A3B6-325378F810CA}.Debug|x64.ActiveCfg = Debug|Any CPU
		{FC45045D-34D2-4B32-A3B6-325378F810CA}.Debug|x64.Build.0 = Debug|Any CPU
		{FC45045D-34D2-4B32-A3B6-325378F810CA}.Debug|x86.ActiveCfg = Debug|Any CPU
		{FC45045D-34D2-4B32-A3B6-325378F810CA}.Debug|x86.Build.0 = Debug|Any CPU
		{FC45045D-34D2-4B32-A3B6-325378F810CA}.Release|Any CPU.ActiveCfg = Release|Any CPU
		{FC45045D-34D2-4B32-A3B6-325378F810CA}.Release|Any CPU.Build.0 = Release|Any CPU
		{FC45045D-34D2-4B32-A3B6-325378F810CA}.Release|x64.ActiveCfg = Release|Any CPU
		{FC45045D-34D2-4B32-A3B6-325378F810CA}.Release|x64.Build.0 = Release|Any CPU
		{FC45045D-34D2-4B32-A3B6-325378F810CA}.Release|x86.ActiveCfg = Release|Any CPU
		{FC45045D-34D2-4B32-A3B6-325378F810CA}.Release|x86.Build.0 = Release|Any CPU
		{9D5C5C7F-2AD0-4042-BDCB-B584E928FE3D}.Debug|Any CPU.ActiveCfg = Debug|Any CPU
		{9D5C5C7F-2AD0-4042-BDCB-B584E928FE3D}.Debug|Any CPU.Build.0 = Debug|Any CPU
		{9D5C5C7F-2AD0-4042-BDCB-B584E928FE3D}.Debug|x64.ActiveCfg = Debug|Any CPU
		{9D5C5C7F-2AD0-4042-BDCB-B584E928FE3D}.Debug|x64.Build.0 = Debug|Any CPU
		{9D5C5C7F-2AD0-4042-BDCB-B584E928FE3D}.Debug|x86.ActiveCfg = Debug|Any CPU
		{9D5C5C7F-2AD0-4042-BDCB-B584E928FE3D}.Debug|x86.Build.0 = Debug|Any CPU
		{9D5C5C7F-2AD0-4042-BDCB-B584E928FE3D}.Release|Any CPU.ActiveCfg = Release|Any CPU
		{9D5C5C7F-2AD0-4042-BDCB-B584E928FE3D}.Release|Any CPU.Build.0 = Release|Any CPU
		{9D5C5C7F-2AD0-4042-BDCB-B584E928FE3D}.Release|x64.ActiveCfg = Release|Any CPU
		{9D5C5C7F-2AD0-4042-BDCB-B584E928FE3D}.Release|x64.Build.0 = Release|Any CPU
		{9D5C5C7F-2AD0-4042-BDCB-B584E928FE3D}.Release|x86.ActiveCfg = Release|Any CPU
		{9D5C5C7F-2AD0-4042-BDCB-B584E928FE3D}.Release|x86.Build.0 = Release|Any CPU
		{840B1F4D-B923-49A1-8031-E4796EE27BE0}.Debug|Any CPU.ActiveCfg = Debug|Any CPU
		{840B1F4D-B923-49A1-8031-E4796EE27BE0}.Debug|Any CPU.Build.0 = Debug|Any CPU
		{840B1F4D-B923-49A1-8031-E4796EE27BE0}.Debug|x64.ActiveCfg = Debug|Any CPU
		{840B1F4D-B923-49A1-8031-E4796EE27BE0}.Debug|x64.Build.0 = Debug|Any CPU
		{840B1F4D-B923-49A1-8031-E4796EE27BE0}.Debug|x86.ActiveCfg = Debug|Any CPU
		{840B1F4D-B923-49A1-8031-E4796EE27BE0}.Debug|x86.Build.0 = Debug|Any CPU
		{840B1F4D-B923-49A1-8031-E4796EE27BE0}.Release|Any CPU.ActiveCfg = Release|Any CPU
		{840B1F4D-B923-49A1-8031-E4796EE27BE0}.Release|Any CPU.Build.0 = Release|Any CPU
		{840B1F4D-B923-49A1-8031-E4796EE27BE0}.Release|x64.ActiveCfg = Release|Any CPU
		{840B1F4D-B923-49A1-8031-E4796EE27BE0}.Release|x64.Build.0 = Release|Any CPU
		{840B1F4D-B923-49A1-8031-E4796EE27BE0}.Release|x86.ActiveCfg = Release|Any CPU
		{840B1F4D-B923-49A1-8031-E4796EE27BE0}.Release|x86.Build.0 = Release|Any CPU
	EndGlobalSection
EndGlobal
